# THIS IS AN AUTOGENERATED FILE. DO NOT EDIT THIS FILE DIRECTLY.
# yarn lockfile v1


"@ckeditor/ckeditor5-angular@^1.0.1":
  version "1.0.1"
  resolved "https://registry.yarnpkg.com/@ckeditor/ckeditor5-angular/-/ckeditor5-angular-1.0.1.tgz#4f7a9c17125307e2de370694b80f83eb1c1da74d"
  dependencies:
    tslib "^1.9.0"

"@ckeditor/ckeditor5-build-classic@^11.1.1":
  version "11.1.1"
  resolved "https://registry.yarnpkg.com/@ckeditor/ckeditor5-build-classic/-/ckeditor5-build-classic-11.1.1.tgz#2eb3706bc83640bdc5f6d50e3a060aa70cf495aa"

"@ckeditor/ckeditor5-build-decoupled-document@^11.1.1":
  version "11.1.1"
  resolved "https://registry.yarnpkg.com/@ckeditor/ckeditor5-build-decoupled-document/-/ckeditor5-build-decoupled-document-11.1.1.tgz#0837e0806392304b5b774147b659fcaf4a52af81"

dropzone@^5.5.0:
  version "5.5.1"
  resolved "https://registry.yarnpkg.com/dropzone/-/dropzone-5.5.1.tgz#06e2f513e61d6aa363d4b556f18574f47cf7ba26"

ngx-dropzone-wrapper@^7.0.0:
  version "7.0.0"
  resolved "https://registry.yarnpkg.com/ngx-dropzone-wrapper/-/ngx-dropzone-wrapper-7.0.0.tgz#b1a0e7dab54f9e96c7821d0ac014920280a4edab"
  dependencies:
    dropzone "^5.5.0"

tslib@^1.9.0:
  version "1.9.3"
  resolved "https://registry.yarnpkg.com/tslib/-/tslib-1.9.3.tgz#d7e4dd79245d85428c4d7e4822a79917954ca286"
