# THIS IS AN AUTOGENERATED FILE. DO NOT EDIT THIS FILE DIRECTLY.
# yarn lockfile v1


"@ng-select/ng-select@^2.12.0":
  version "2.12.0"
  resolved "https://registry.yarnpkg.com/@ng-select/ng-select/-/ng-select-2.12.0.tgz#7cd3b7975d98b99c2357488e5bb18988d64390c5"
  dependencies:
    tslib "^1.9.0"

tslib@^1.9.0:
  version "1.9.3"
  resolved "https://registry.yarnpkg.com/tslib/-/tslib-1.9.3.tgz#d7e4dd79245d85428c4d7e4822a79917954ca286"
